
Microsoft Visual Studio Solution File, Format Version 12.00
# Visual Studio Version 17
VisualStudioVersion = 17.10.35122.118
MinimumVisualStudioVersion = 10.0.40219.1
Project("{FAE04EC0-301F-11D3-BF4B-00C04F79EFBC}") = "OdontoFast", "OdontoFast.csproj", "{07C3DDDF-475C-4C58-A4CF-D5A8DE7E1A91}"
EndProject
Global
	GlobalSection(SolutionConfigurationPlatforms) = preSolution
		Debug|Any CPU = Debug|Any CPU
		Release|Any CPU = Release|Any CPU
	EndGlobalSection
	GlobalSection(ProjectConfigurationPlatforms) = postSolution
		{07C3DDDF-475C-4C58-A4CF-D5A8DE7E1A91}.Debug|Any CPU.ActiveCfg = Debug|Any CPU
		{07C3DDDF-475C-4C58-A4CF-D5A8DE7E1A91}.Debug|Any CPU.Build.0 = Debug|Any CPU
		{07C3DDDF-475C-4C58-A4CF-D5A8DE7E1A91}.Release|Any CPU.ActiveCfg = Release|Any CPU
		{07C3DDDF-475C-4C58-A4CF-D5A8DE7E1A91}.Release|Any CPU.Build.0 = Release|Any CPU
	EndGlobalSection
	GlobalSection(SolutionProperties) = preSolution
		HideSolutionNode = FALSE
	EndGlobalSection
	GlobalSection(ExtensibilityGlobals) = postSolution
		SolutionGuid = {CD2A85E1-1CF5-419A-B97A-6F4A24F7EA66}
	EndGlobalSection
EndGlobal
